
Microsoft Visual Studio Solution File, Format Version 12.00
# Visual Studio Version 17
VisualStudioVersion = 17.1.32203.90
MinimumVisualStudioVersion = 10.0.40219.1
Project("{9A19103F-16F7-4668-BE54-9A1E7A4F7556}") = "FormattableLogging", "FormattableLogging\FormattableLogging.csproj", "{1511CAC2-EF6E-48BD-B62E-B846BC03B8AD}"
EndProject
Project("{9A19103F-16F7-4668-BE54-9A1E7A4F7556}") = "FormattableLogging.SourceGenerator", "FormattableLogging.SourceGenerator\FormattableLogging.SourceGenerator.csproj", "{795D0ACE-D7F7-48E6-A6DE-61691469DCC9}"
EndProject
Project("{9A19103F-16F7-4668-BE54-9A1E7A4F7556}") = "FormattableLogging.Sample", "FormattableLogging.Sample\FormattableLogging.Sample.csproj", "{864BEE82-A29E-4778-A97D-0502831ABDD0}"
EndProject
Project("{FAE04EC0-301F-11D3-BF4B-00C04F79EFBC}") = "FormattableLogging.Sample.Server", "FormattableLogging.Sample.Server\FormattableLogging.Sample.Server.csproj", "{C5E9116A-E400-4624-99B4-701A9143AF3F}"
EndProject
Global
	GlobalSection(SolutionConfigurationPlatforms) = preSolution
		Debug|Any CPU = Debug|Any CPU
		Release|Any CPU = Release|Any CPU
	EndGlobalSection
	GlobalSection(ProjectConfigurationPlatforms) = postSolution
		{1511CAC2-EF6E-48BD-B62E-B846BC03B8AD}.Debug|Any CPU.ActiveCfg = Debug|Any CPU
		{1511CAC2-EF6E-48BD-B62E-B846BC03B8AD}.Debug|Any CPU.Build.0 = Debug|Any CPU
		{1511CAC2-EF6E-48BD-B62E-B846BC03B8AD}.Release|Any CPU.ActiveCfg = Release|Any CPU
		{1511CAC2-EF6E-48BD-B62E-B846BC03B8AD}.Release|Any CPU.Build.0 = Release|Any CPU
		{795D0ACE-D7F7-48E6-A6DE-61691469DCC9}.Debug|Any CPU.ActiveCfg = Debug|Any CPU
		{795D0ACE-D7F7-48E6-A6DE-61691469DCC9}.Debug|Any CPU.Build.0 = Debug|Any CPU
		{795D0ACE-D7F7-48E6-A6DE-61691469DCC9}.Release|Any CPU.ActiveCfg = Release|Any CPU
		{795D0ACE-D7F7-48E6-A6DE-61691469DCC9}.Release|Any CPU.Build.0 = Release|Any CPU
		{864BEE82-A29E-4778-A97D-0502831ABDD0}.Debug|Any CPU.ActiveCfg = Debug|Any CPU
		{864BEE82-A29E-4778-A97D-0502831ABDD0}.Debug|Any CPU.Build.0 = Debug|Any CPU
		{864BEE82-A29E-4778-A97D-0502831ABDD0}.Release|Any CPU.ActiveCfg = Release|Any CPU
		{864BEE82-A29E-4778-A97D-0502831ABDD0}.Release|Any CPU.Build.0 = Release|Any CPU
		{C5E9116A-E400-4624-99B4-701A9143AF3F}.Debug|Any CPU.ActiveCfg = Debug|Any CPU
		{C5E9116A-E400-4624-99B4-701A9143AF3F}.Debug|Any CPU.Build.0 = Debug|Any CPU
		{C5E9116A-E400-4624-99B4-701A9143AF3F}.Release|Any CPU.ActiveCfg = Release|Any CPU
		{C5E9116A-E400-4624-99B4-701A9143AF3F}.Release|Any CPU.Build.0 = Release|Any CPU
	EndGlobalSection
	GlobalSection(SolutionProperties) = preSolution
		HideSolutionNode = FALSE
	EndGlobalSection
	GlobalSection(ExtensibilityGlobals) = postSolution
		SolutionGuid = {BCD6585E-4FC6-4CF4-8A67-19DE0EC06153}
	EndGlobalSection
EndGlobal
